// !$*UTF8*$!
{
	archiveVersion = 1;
	classes = {
	};
	objectVersion = 55;
	objects = {

/* Begin PBXBuildFile section */
		2879399F27BD7B900056D992 /* Host_AudienceApp.swift in Sources */ = {isa = PBXBuildFile; fileRef = 2879399E27BD7B900056D992 /* Host_AudienceApp.swift */; };
		287939A327BD7B920056D992 /* Assets.xcassets in Resources */ = {isa = PBXBuildFile; fileRef = 287939A227BD7B920056D992 /* Assets.xcassets */; };
		287939A627BD7B920056D992 /* Preview Assets.xcassets in Resources */ = {isa = PBXBuildFile; fileRef = 287939A527BD7B920056D992 /* Preview Assets.xcassets */; };
		287939AD27BD7BC90056D992 /* HostOrAudienceView.swift in Sources */ = {isa = PBXBuildFile; fileRef = 287939AC27BD7BC90056D992 /* HostOrAudienceView.swift */; };
		287939AF27BD7F160056D992 /* HostView.swift in Sources */ = {isa = PBXBuildFile; fileRef = 287939AE27BD7F160056D992 /* HostView.swift */; };
		287939B127BD7F3C0056D992 /* AudienceView.swift in Sources */ = {isa = PBXBuildFile; fileRef = 287939B027BD7F3C0056D992 /* AudienceView.swift */; };
		287939B427BD81990056D992 /* AgoraRtmKit in Frameworks */ = {isa = PBXBuildFile; productRef = 287939B327BD81990056D992 /* AgoraRtmKit */; };
		287939B627BD81C90056D992 /* RTM.swift in Sources */ = {isa = PBXBuildFile; fileRef = 287939B527BD81C90056D992 /* RTM.swift */; };
/* End PBXBuildFile section */

/* Begin PBXFileReference section */
		2879399B27BD7B900056D992 /* Host Audience.app */ = {isa = PBXFileReference; explicitFileType = wrapper.application; includeInIndex = 0; path = "Host Audience.app"; sourceTree = BUILT_PRODUCTS_DIR; };
		2879399E27BD7B900056D992 /* Host_AudienceApp.swift */ = {isa = PBXFileReference; lastKnownFileType = sourcecode.swift; path = Host_AudienceApp.swift; sourceTree = "<group>"; };
		287939A227BD7B920056D992 /* Assets.xcassets */ = {isa = PBXFileReference; lastKnownFileType = folder.assetcatalog; path = Assets.xcassets; sourceTree = "<group>"; };
		287939A527BD7B920056D992 /* Preview Assets.xcassets */ = {isa = PBXFileReference; lastKnownFileType = folder.assetcatalog; path = "Preview Assets.xcassets"; sourceTree = "<group>"; };
		287939AC27BD7BC90056D992 /* HostOrAudienceView.swift */ = {isa = PBXFileReference; lastKnownFileType = sourcecode.swift; path = HostOrAudienceView.swift; sourceTree = "<group>"; };
		287939AE27BD7F160056D992 /* HostView.swift */ = {isa = PBXFileReference; lastKnownFileType = sourcecode.swift; path = HostView.swift; sourceTree = "<group>"; };
		287939B027BD7F3C0056D992 /* AudienceView.swift */ = {isa = PBXFileReference; lastKnownFileType = sourcecode.swift; path = AudienceView.swift; sourceTree = "<group>"; };
		287939B527BD81C90056D992 /* RTM.swift */ = {isa = PBXFileReference; lastKnownFileType = sourcecode.swift; path = RTM.swift; sourceTree = "<group>"; };
		287939B827BD86060056D992 /* Config.xcconfig */ = {isa = PBXFileReference; lastKnownFileType = text.xcconfig; path = Config.xcconfig; sourceTree = "<group>"; };
/* End PBXFileReference section */

/* Begin PBXFrameworksBuildPhase section */
		2879399827BD7B900056D992 /* Frameworks */ = {
			isa = PBXFrameworksBuildPhase;
			buildActionMask = 2147483647;
			files = (
				287939B427BD81990056D992 /* AgoraRtmKit in Frameworks */,
			);
			runOnlyForDeploymentPostprocessing = 0;
		};
/* End PBXFrameworksBuildPhase section */

/* Begin PBXGroup section */
		2879399227BD7B900056D992 = {
			isa = PBXGroup;
			children = (
				2879399D27BD7B900056D992 /* Host Audience */,
				2879399C27BD7B900056D992 /* Products */,
			);
			sourceTree = "<group>";
		};
		2879399C27BD7B900056D992 /* Products */ = {
			isa = PBXGroup;
			children = (
				2879399B27BD7B900056D992 /* Host Audience.app */,
			);
			name = Products;
			sourceTree = "<group>";
		};
		2879399D27BD7B900056D992 /* Host Audience */ = {
			isa = PBXGroup;
			children = (
				287939AC27BD7BC90056D992 /* HostOrAudienceView.swift */,
				287939AE27BD7F160056D992 /* HostView.swift */,
				287939B027BD7F3C0056D992 /* AudienceView.swift */,
				2879399E27BD7B900056D992 /* Host_AudienceApp.swift */,
				287939A227BD7B920056D992 /* Assets.xcassets */,
				287939A427BD7B920056D992 /* Preview Content */,
				287939B527BD81C90056D992 /* RTM.swift */,
				287939B827BD86060056D992 /* Config.xcconfig */,
			);
			path = "Host Audience";
			sourceTree = "<group>";
		};
		287939A427BD7B920056D992 /* Preview Content */ = {
			isa = PBXGroup;
			children = (
				287939A527BD7B920056D992 /* Preview Assets.xcassets */,
			);
			path = "Preview Content";
			sourceTree = "<group>";
		};
/* End PBXGroup section */

/* Begin PBXNativeTarget section */
		2879399A27BD7B900056D992 /* Host Audience */ = {
			isa = PBXNativeTarget;
			buildConfigurationList = 287939A927BD7B920056D992 /* Build configuration list for PBXNativeTarget "Host Audience" */;
			buildPhases = (
				2879399727BD7B900056D992 /* Sources */,
				2879399827BD7B900056D992 /* Frameworks */,
				2879399927BD7B900056D992 /* Resources */,
			);
			buildRules = (
			);
			dependencies = (
			);
			name = "Host Audience";
			packageProductDependencies = (
				287939B327BD81990056D992 /* AgoraRtmKit */,
			);
			productName = "Host Audience";
			productReference = 2879399B27BD7B900056D992 /* Host Audience.app */;
			productType = "com.apple.product-type.application";
		};
/* End PBXNativeTarget section */

/* Begin PBXProject section */
		2879399327BD7B900056D992 /* Project object */ = {
			isa = PBXProject;
			attributes = {
				BuildIndependentTargetsInParallel = 1;
				LastSwiftUpdateCheck = 1320;
				LastUpgradeCheck = 1320;
				TargetAttributes = {
					2879399A27BD7B900056D992 = {
						CreatedOnToolsVersion = 13.2;
					};
				};
			};
			buildConfigurationList = 2879399627BD7B900056D992 /* Build configuration list for PBXProject "Host Audience" */;
			compatibilityVersion = "Xcode 13.0";
			developmentRegion = en;
			hasScannedForEncodings = 0;
			knownRegions = (
				en,
				Base,
			);
			mainGroup = 2879399227BD7B900056D992;
			packageReferences = (
				287939B227BD81990056D992 /* XCRemoteSwiftPackageReference "AgoraRtm_iOS" */,
			);
			productRefGroup = 2879399C27BD7B900056D992 /* Products */;
			projectDirPath = "";
			projectRoot = "";
			targets = (
				2879399A27BD7B900056D992 /* Host Audience */,
			);
		};
/* End PBXProject section */

/* Begin PBXResourcesBuildPhase section */
		2879399927BD7B900056D992 /* Resources */ = {
			isa = PBXResourcesBuildPhase;
			buildActionMask = 2147483647;
			files = (
				287939A627BD7B920056D992 /* Preview Assets.xcassets in Resources */,
				287939A327BD7B920056D992 /* Assets.xcassets in Resources */,
			);
			runOnlyForDeploymentPostprocessing = 0;
		};
/* End PBXResourcesBuildPhase section */

/* Begin PBXSourcesBuildPhase section */
		2879399727BD7B900056D992 /* Sources */ = {
			isa = PBXSourcesBuildPhase;
			buildActionMask = 2147483647;
			files = (
				287939AD27BD7BC90056D992 /* HostOrAudienceView.swift in Sources */,
				287939AF27BD7F160056D992 /* HostView.swift in Sources */,
				2879399F27BD7B900056D992 /* Host_AudienceApp.swift in Sources */,
				287939B127BD7F3C0056D992 /* AudienceView.swift in Sources */,
				287939B627BD81C90056D992 /* RTM.swift in Sources */,
			);
			runOnlyForDeploymentPostprocessing = 0;
		};
/* End PBXSourcesBuildPhase section */

/* Begin XCBuildConfiguration section */
		287939A727BD7B920056D992 /* Debug */ = {
			isa = XCBuildConfiguration;
			buildSettings = {
				ALWAYS_SEARCH_USER_PATHS = NO;
				CLANG_ANALYZER_NONNULL = YES;
				CLANG_ANALYZER_NUMBER_OBJECT_CONVERSION = YES_AGGRESSIVE;
				CLANG_CXX_LANGUAGE_STANDARD = "gnu++17";
				CLANG_CXX_LIBRARY = "libc++";
				CLANG_ENABLE_MODULES = YES;
				CLANG_ENABLE_OBJC_ARC = YES;
				CLANG_ENABLE_OBJC_WEAK = YES;
				CLANG_WARN_BLOCK_CAPTURE_AUTORELEASING = YES;
				CLANG_WARN_BOOL_CONVERSION = YES;
				CLANG_WARN_COMMA = YES;
				CLANG_WARN_CONSTANT_CONVERSION = YES;
				CLANG_WARN_DEPRECATED_OBJC_IMPLEMENTATIONS = YES;
				CLANG_WARN_DIRECT_OBJC_ISA_USAGE = YES_ERROR;
				CLANG_WARN_DOCUMENTATION_COMMENTS = YES;
				CLANG_WARN_EMPTY_BODY = YES;
				CLANG_WARN_ENUM_CONVERSION = YES;
				CLANG_WARN_INFINITE_RECURSION = YES;
				CLANG_WARN_INT_CONVERSION = YES;
				CLANG_WARN_NON_LITERAL_NULL_CONVERSION = YES;
				CLANG_WARN_OBJC_IMPLICIT_RETAIN_SELF = YES;
				CLANG_WARN_OBJC_LITERAL_CONVERSION = YES;
				CLANG_WARN_OBJC_ROOT_CLASS = YES_ERROR;
				CLANG_WARN_QUOTED_INCLUDE_IN_FRAMEWORK_HEADER = YES;
				CLANG_WARN_RANGE_LOOP_ANALYSIS = YES;
				CLANG_WARN_STRICT_PROTOTYPES = YES;
				CLANG_WARN_SUSPICIOUS_MOVE = YES;
				CLANG_WARN_UNGUARDED_AVAILABILITY = YES_AGGRESSIVE;
				CLANG_WARN_UNREACHABLE_CODE = YES;
				CLANG_WARN__DUPLICATE_METHOD_MATCH = YES;
				COPY_PHASE_STRIP = NO;
				DEBUG_INFORMATION_FORMAT = dwarf;
				ENABLE_STRICT_OBJC_MSGSEND = YES;
				ENABLE_TESTABILITY = YES;
				GCC_C_LANGUAGE_STANDARD = gnu11;
				GCC_DYNAMIC_NO_PIC = NO;
				GCC_NO_COMMON_BLOCKS = YES;
				GCC_OPTIMIZATION_LEVEL = 0;
				GCC_PREPROCESSOR_DEFINITIONS = (
					"DEBUG=1",
					"$(inherited)",
				);
				GCC_WARN_64_TO_32_BIT_CONVERSION = YES;
				GCC_WARN_ABOUT_RETURN_TYPE = YES_ERROR;
				GCC_WARN_UNDECLARED_SELECTOR = YES;
				GCC_WARN_UNINITIALIZED_AUTOS = YES_AGGRESSIVE;
				GCC_WARN_UNUSED_FUNCTION = YES;
				GCC_WARN_UNUSED_VARIABLE = YES;
				IPHONEOS_DEPLOYMENT_TARGET = 15.2;
				MTL_ENABLE_DEBUG_INFO = INCLUDE_SOURCE;
				MTL_FAST_MATH = YES;
				ONLY_ACTIVE_ARCH = YES;
				SDKROOT = iphoneos;
				SWIFT_ACTIVE_COMPILATION_CONDITIONS = DEBUG;
				SWIFT_OPTIMIZATION_LEVEL = "-Onone";
			};
			name = Debug;
		};
		287939A827BD7B920056D992 /* Release */ = {
			isa = XCBuildConfiguration;
			buildSettings = {
				ALWAYS_SEARCH_USER_PATHS = NO;
				CLANG_ANALYZER_NONNULL = YES;
				CLANG_ANALYZER_NUMBER_OBJECT_CONVERSION = YES_AGGRESSIVE;
				CLANG_CXX_LANGUAGE_STANDARD = "gnu++17";
				CLANG_CXX_LIBRARY = "libc++";
				CLANG_ENABLE_MODULES = YES;
				CLANG_ENABLE_OBJC_ARC = YES;
				CLANG_ENABLE_OBJC_WEAK = YES;
				CLANG_WARN_BLOCK_CAPTURE_AUTORELEASING = YES;
				CLANG_WARN_BOOL_CONVERSION = YES;
				CLANG_WARN_COMMA = YES;
				CLANG_WARN_CONSTANT_CONVERSION = YES;
				CLANG_WARN_DEPRECATED_OBJC_IMPLEMENTATIONS = YES;
				CLANG_WARN_DIRECT_OBJC_ISA_USAGE = YES_ERROR;
				CLANG_WARN_DOCUMENTATION_COMMENTS = YES;
				CLANG_WARN_EMPTY_BODY = YES;
				CLANG_WARN_ENUM_CONVERSION = YES;
				CLANG_WARN_INFINITE_RECURSION = YES;
				CLANG_WARN_INT_CONVERSION = YES;
				CLANG_WARN_NON_LITERAL_NULL_CONVERSION = YES;
				CLANG_WARN_OBJC_IMPLICIT_RETAIN_SELF = YES;
				CLANG_WARN_OBJC_LITERAL_CONVERSION = YES;
				CLANG_WARN_OBJC_ROOT_CLASS = YES_ERROR;
				CLANG_WARN_QUOTED_INCLUDE_IN_FRAMEWORK_HEADER = YES;
				CLANG_WARN_RANGE_LOOP_ANALYSIS = YES;
				CLANG_WARN_STRICT_PROTOTYPES = YES;
				CLANG_WARN_SUSPICIOUS_MOVE = YES;
				CLANG_WARN_UNGUARDED_AVAILABILITY = YES_AGGRESSIVE;
				CLANG_WARN_UNREACHABLE_CODE = YES;
				CLANG_WARN__DUPLICATE_METHOD_MATCH = YES;
				COPY_PHASE_STRIP = NO;
				DEBUG_INFORMATION_FORMAT = "dwarf-with-dsym";
				ENABLE_NS_ASSERTIONS = NO;
				ENABLE_STRICT_OBJC_MSGSEND = YES;
				GCC_C_LANGUAGE_STANDARD = gnu11;
				GCC_NO_COMMON_BLOCKS = YES;
				GCC_WARN_64_TO_32_BIT_CONVERSION = YES;
				GCC_WARN_ABOUT_RETURN_TYPE = YES_ERROR;
				GCC_WARN_UNDECLARED_SELECTOR = YES;
				GCC_WARN_UNINITIALIZED_AUTOS = YES_AGGRESSIVE;
				GCC_WARN_UNUSED_FUNCTION = YES;
				GCC_WARN_UNUSED_VARIABLE = YES;
				IPHONEOS_DEPLOYMENT_TARGET = 15.2;
				MTL_ENABLE_DEBUG_INFO = NO;
				MTL_FAST_MATH = YES;
				SDKROOT = iphoneos;
				SWIFT_COMPILATION_MODE = wholemodule;
				SWIFT_OPTIMIZATION_LEVEL = "-O";
				VALIDATE_PRODUCT = YES;
			};
			name = Release;
		};
		287939AA27BD7B920056D992 /* Debug */ = {
			isa = XCBuildConfiguration;
			buildSettings = {
				ASSETCATALOG_COMPILER_APPICON_NAME = AppIcon;
				ASSETCATALOG_COMPILER_GLOBAL_ACCENT_COLOR_NAME = AccentColor;
				CODE_SIGN_STYLE = Automatic;
				CURRENT_PROJECT_VERSION = 1;
				DEVELOPMENT_ASSET_PATHS = "\"Host Audience/Preview Content\"";
				DEVELOPMENT_TEAM = AZ59WCD7SF;
				ENABLE_PREVIEWS = YES;
				GENERATE_INFOPLIST_FILE = YES;
				INFOPLIST_KEY_UIApplicationSceneManifest_Generation = YES;
				INFOPLIST_KEY_UIApplicationSupportsIndirectInputEvents = YES;
				INFOPLIST_KEY_UILaunchScreen_Generation = YES;
				INFOPLIST_KEY_UISupportedInterfaceOrientations_iPad = "UIInterfaceOrientationPortrait UIInterfaceOrientationPortraitUpsideDown UIInterfaceOrientationLandscapeLeft UIInterfaceOrientationLandscapeRight";
				INFOPLIST_KEY_UISupportedInterfaceOrientations_iPhone = "UIInterfaceOrientationPortrait UIInterfaceOrientationLandscapeLeft UIInterfaceOrientationLandscapeRight";
				LD_RUNPATH_SEARCH_PATHS = (
					"$(inherited)",
					"@executable_path/Frameworks",
				);
				MARKETING_VERSION = 1.0;
				PRODUCT_BUNDLE_IDENTIFIER = "io.agora.Host-Audience";
				PRODUCT_NAME = "$(TARGET_NAME)";
				SWIFT_EMIT_LOC_STRINGS = YES;
				SWIFT_VERSION = 5.0;
				TARGETED_DEVICE_FAMILY = "1,2";
			};
			name = Debug;
		};
		287939AB27BD7B920056D992 /* Release */ = {
			isa = XCBuildConfiguration;
			buildSettings = {
				ASSETCATALOG_COMPILER_APPICON_NAME = AppIcon;
				ASSETCATALOG_COMPILER_GLOBAL_ACCENT_COLOR_NAME = AccentColor;
				CODE_SIGN_STYLE = Automatic;
				CURRENT_PROJECT_VERSION = 1;
				DEVELOPMENT_ASSET_PATHS = "\"Host Audience/Preview Content\"";
				DEVELOPMENT_TEAM = AZ59WCD7SF;
				ENABLE_PREVIEWS = YES;
				GENERATE_INFOPLIST_FILE = YES;
				INFOPLIST_KEY_UIApplicationSceneManifest_Generation = YES;
				INFOPLIST_KEY_UIApplicationSupportsIndirectInputEvents = YES;
				INFOPLIST_KEY_UILaunchScreen_Generation = YES;
				INFOPLIST_KEY_UISupportedInterfaceOrientations_iPad = "UIInterfaceOrientationPortrait UIInterfaceOrientationPortraitUpsideDown UIInterfaceOrientationLandscapeLeft UIInterfaceOrientationLandscapeRight";
				INFOPLIST_KEY_UISupportedInterfaceOrientations_iPhone = "UIInterfaceOrientationPortrait UIInterfaceOrientationLandscapeLeft UIInterfaceOrientationLandscapeRight";
				LD_RUNPATH_SEARCH_PATHS = (
					"$(inherited)",
					"@executable_path/Frameworks",
				);
				MARKETING_VERSION = 1.0;
				PRODUCT_BUNDLE_IDENTIFIER = "io.agora.Host-Audience";
				PRODUCT_NAME = "$(TARGET_NAME)";
				SWIFT_EMIT_LOC_STRINGS = YES;
				SWIFT_VERSION = 5.0;
				TARGETED_DEVICE_FAMILY = "1,2";
			};
			name = Release;
		};
/* End XCBuildConfiguration section */

/* Begin XCConfigurationList section */
		2879399627BD7B900056D992 /* Build configuration list for PBXProject "Host Audience" */ = {
			isa = XCConfigurationList;
			buildConfigurations = (
				287939A727BD7B920056D992 /* Debug */,
				287939A827BD7B920056D992 /* Release */,
			);
			defaultConfigurationIsVisible = 0;
			defaultConfigurationName = Release;
		};
		287939A927BD7B920056D992 /* Build configuration list for PBXNativeTarget "Host Audience" */ = {
			isa = XCConfigurationList;
			buildConfigurations = (
				287939AA27BD7B920056D992 /* Debug */,
				287939AB27BD7B920056D992 /* Release */,
			);
			defaultConfigurationIsVisible = 0;
			defaultConfigurationName = Release;
		};
/* End XCConfigurationList section */

/* Begin XCRemoteSwiftPackageReference section */
		287939B227BD81990056D992 /* XCRemoteSwiftPackageReference "AgoraRtm_iOS" */ = {
			isa = XCRemoteSwiftPackageReference;
			repositoryURL = "https://github.com/AgoraIO/AgoraRtm_iOS";
			requirement = {
				branch = main;
				kind = branch;
			};
		};
/* End XCRemoteSwiftPackageReference section */

/* Begin XCSwiftPackageProductDependency section */
		287939B327BD81990056D992 /* AgoraRtmKit */ = {
			isa = XCSwiftPackageProductDependency;
			package = 287939B227BD81990056D992 /* XCRemoteSwiftPackageReference "AgoraRtm_iOS" */;
			productName = AgoraRtmKit;
		};
/* End XCSwiftPackageProductDependency section */
	};
	rootObject = 2879399327BD7B900056D992 /* Project object */;
}
